Microsoft Visual Studio Solution File, Format Version 12.00
# Visual Studio 2012
Project("{FAE04EC0-301F-11D3-BF4B-00C04F79EFBC}") = "Wizard Card Game", "Wizard Card Game.csproj", "{10A12364-BA27-46D0-B2F7-4D553367F761}"
EndProject
Global
	GlobalSection(SolutionConfigurationPlatforms) = preSolution
	Debug|Any CPU = Debug|Any CPU
	ExportDebug|Any CPU = ExportDebug|Any CPU
	ExportRelease|Any CPU = ExportRelease|Any CPU
	EndGlobalSection
	GlobalSection(ProjectConfigurationPlatforms) = postSolution
		{10A12364-BA27-46D0-B2F7-4D553367F761}.Debug|Any CPU.ActiveCfg = Debug|Any CPU
		{10A12364-BA27-46D0-B2F7-4D553367F761}.Debug|Any CPU.Build.0 = Debug|Any CPU
		{10A12364-BA27-46D0-B2F7-4D553367F761}.ExportDebug|Any CPU.ActiveCfg = ExportDebug|Any CPU
		{10A12364-BA27-46D0-B2F7-4D553367F761}.ExportDebug|Any CPU.Build.0 = ExportDebug|Any CPU
		{10A12364-BA27-46D0-B2F7-4D553367F761}.ExportRelease|Any CPU.ActiveCfg = ExportRelease|Any CPU
		{10A12364-BA27-46D0-B2F7-4D553367F761}.ExportRelease|Any CPU.Build.0 = ExportRelease|Any CPU
	EndGlobalSection
EndGlobal
