Microsoft Visual Studio Solution File, Format Version 12.00
# Visual Studio 2012
Project("{FAE04EC0-301F-11D3-BF4B-00C04F79EFBC}") = "Wizard Card Game", "Wizard Card Game.csproj", "{FD55BE2D-CA1D-4F7F-9F57-F2390FC0A3EC}"
EndProject
Global
	GlobalSection(SolutionConfigurationPlatforms) = preSolution
	Debug|Any CPU = Debug|Any CPU
	ExportDebug|Any CPU = ExportDebug|Any CPU
	ExportRelease|Any CPU = ExportRelease|Any CPU
	EndGlobalSection
	GlobalSection(ProjectConfigurationPlatforms) = postSolution
		{FD55BE2D-CA1D-4F7F-9F57-F2390FC0A3EC}.Debug|Any CPU.ActiveCfg = Debug|Any CPU
		{FD55BE2D-CA1D-4F7F-9F57-F2390FC0A3EC}.Debug|Any CPU.Build.0 = Debug|Any CPU
		{FD55BE2D-CA1D-4F7F-9F57-F2390FC0A3EC}.ExportDebug|Any CPU.ActiveCfg = ExportDebug|Any CPU
		{FD55BE2D-CA1D-4F7F-9F57-F2390FC0A3EC}.ExportDebug|Any CPU.Build.0 = ExportDebug|Any CPU
		{FD55BE2D-CA1D-4F7F-9F57-F2390FC0A3EC}.ExportRelease|Any CPU.ActiveCfg = ExportRelease|Any CPU
		{FD55BE2D-CA1D-4F7F-9F57-F2390FC0A3EC}.ExportRelease|Any CPU.Build.0 = ExportRelease|Any CPU
	EndGlobalSection
EndGlobal
